# This file is autogenerated, do not edit; changes may be undone by the next 'dep ensure'.


[[projects]]
  digest = "1:7784cd19b0c20bd9ddc181889e1a86baac8c1d735752f2cb3fb61ef2bf9fbe8f"
  name = "github.com/google/gousb"
  packages = [
    ".",
    "usbid",
  ]
  pruneopts = "UT"
  revision = "e4c3f66a1571a02d7cae859fa0be08edcb940541"
  version = "v1.1.0"

[[projects]]
  digest = "1:6d29f02f0f01c627c2be40fb7347669a9ff2aa215cb97747294c1d13ffa74bdd"
  name = "github.com/gorilla/websocket"
  packages = ["."]
  pruneopts = "UT"
  revision = "b65e62901fc1c0d968042419e74789f6af455eb9"
  version = "v1.4.2"

[solve-meta]
  analyzer-name = "dep"
  analyzer-version = 1
  input-imports = [
    "github.com/google/gousb",
    "github.com/google/gousb/usbid",
    "github.com/gorilla/websocket",
  ]
  solver-name = "gps-cdcl"
  solver-version = 1
